Microsoft Visual Studio Solution File, Format Version 11.00
# Visual Studio 2010
Project("{8BC9CEB8-8B4A-11D0-8D11-00A0C91BC942}") = "testBase", "testBase\testBase.vcxproj", "{A7E29AB7-CE46-26FF-F45A-A4777BACAF58}"
EndProject
Project("{8BC9CEB8-8B4A-11D0-8D11-00A0C91BC942}") = "testIO", "testIO\testIO.vcxproj", "{0632918B-A170-5F50-D1B9-900A61790BBE}"
EndProject
Project("{8BC9CEB8-8B4A-11D0-8D11-00A0C91BC942}") = "testNet", "testNet\testNet.vcxproj", "{4C3E19C6-B8BA-31CD-32FE-EC5938EB5636}"
EndProject
Project("{8BC9CEB8-8B4A-11D0-8D11-00A0C91BC942}") = "testSAX", "testSAX\testSAX.vcxproj", "{2E23A203-131A-A166-02EE-0369930AFEA3}"
EndProject
Project("{8BC9CEB8-8B4A-11D0-8D11-00A0C91BC942}") = "testUtil", "testUtil\testUtil.vcxproj", "{309888C9-6824-72CE-5B00-76AA0D681926}"
EndProject
Global
	GlobalSection(SolutionConfigurationPlatforms) = preSolution
		Debug|Win32 = Debug|Win32
		Release|Win32 = Release|Win32
	EndGlobalSection
	GlobalSection(ProjectConfigurationPlatforms) = postSolution
		{A7E29AB7-CE46-26FF-F45A-A4777BACAF58}.Debug|Win32.ActiveCfg = Debug|Win32
		{A7E29AB7-CE46-26FF-F45A-A4777BACAF58}.Release|Win32.ActiveCfg = Release|Win32
		{0632918B-A170-5F50-D1B9-900A61790BBE}.Debug|Win32.ActiveCfg = Debug|Win32
		{0632918B-A170-5F50-D1B9-900A61790BBE}.Release|Win32.ActiveCfg = Release|Win32
		{4C3E19C6-B8BA-31CD-32FE-EC5938EB5636}.Debug|Win32.ActiveCfg = Debug|Win32
		{4C3E19C6-B8BA-31CD-32FE-EC5938EB5636}.Release|Win32.ActiveCfg = Release|Win32
		{2E23A203-131A-A166-02EE-0369930AFEA3}.Debug|Win32.ActiveCfg = Debug|Win32
		{2E23A203-131A-A166-02EE-0369930AFEA3}.Release|Win32.ActiveCfg = Release|Win32
		{309888C9-6824-72CE-5B00-76AA0D681926}.Debug|Win32.ActiveCfg = Debug|Win32
		{309888C9-6824-72CE-5B00-76AA0D681926}.Release|Win32.ActiveCfg = Release|Win32
	EndGlobalSection
	GlobalSection(SolutionProperties) = preSolution
		HideSolutionNode = FALSE
	EndGlobalSection
EndGlobal
