Microsoft Visual Studio Solution File, Format Version 11.00
# Visual Studio 2010
Project("{8BC9CEB8-8B4A-11D0-8D11-00A0C91BC942}") = "testSAX", "testSAX.vcxproj", "{74114F9C-008B-018C-D1AC-ECFEB061EF1B}"
EndProject
Global
	GlobalSection(SolutionConfigurationPlatforms) = preSolution
		Debug|Win32 = Debug|Win32
Release|Win32 = Release|Win32
		EndGlobalSection
	GlobalSection(ProjectConfigurationPlatforms) = postSolution
		{74114F9C-008B-018C-D1AC-ECFEB061EF1B}.Debug|Win32.ActiveCfg = Debug|Win32
		{74114F9C-008B-018C-D1AC-ECFEB061EF1B}.Release|Win32.ActiveCfg = Release|Win32
		EndGlobalSection
	GlobalSection(SolutionProperties) = preSolution
		HideSolutionNode = FALSE
	EndGlobalSection
EndGlobal
