Microsoft Visual Studio Solution File, Format Version 11.00
# Visual Studio 2010
Project("{8BC9CEB8-8B4A-11D0-8D11-00A0C91BC942}") = "QcCore", "QcCore\QcCore.vcxproj", "{C4619E26-CFD0-404B-BEE2-9047DDA5E2C4}"
EndProject
Project("{8BC9CEB8-8B4A-11D0-8D11-00A0C91BC942}") = "QcXml", "QcXml\QCXml.vcxproj", "{EED923C3-990B-4E8C-95B6-AF5A5DBF7999}"
	ProjectSection(ProjectDependencies) = postProject
		{C4619E26-CFD0-404B-BEE2-9047DDA5E2C4} = {C4619E26-CFD0-404B-BEE2-9047DDA5E2C4}
	EndProjectSection
EndProject
Global
	GlobalSection(SolutionConfigurationPlatforms) = preSolution
		debug_mt_shared|Win32 = debug_mt_shared|Win32
		debug_st_shared|Win32 = debug_st_shared|Win32
		release_mt_shared|Win32 = release_mt_shared|Win32
		release_st_shared|Win32 = release_st_shared|Win32
	EndGlobalSection
	GlobalSection(ProjectConfigurationPlatforms) = postSolution
		{C4619E26-CFD0-404B-BEE2-9047DDA5E2C4}.debug_mt_shared|Win32.ActiveCfg = debug_mt_shared|Win32
		{C4619E26-CFD0-404B-BEE2-9047DDA5E2C4}.debug_mt_shared|Win32.Build.0 = debug_mt_shared|Win32
		{C4619E26-CFD0-404B-BEE2-9047DDA5E2C4}.debug_st_shared|Win32.ActiveCfg = debug_st_shared|Win32
		{C4619E26-CFD0-404B-BEE2-9047DDA5E2C4}.debug_st_shared|Win32.Build.0 = debug_st_shared|Win32
		{C4619E26-CFD0-404B-BEE2-9047DDA5E2C4}.release_mt_shared|Win32.ActiveCfg = release_mt_shared|Win32
		{C4619E26-CFD0-404B-BEE2-9047DDA5E2C4}.release_mt_shared|Win32.Build.0 = release_mt_shared|Win32
		{C4619E26-CFD0-404B-BEE2-9047DDA5E2C4}.release_st_shared|Win32.ActiveCfg = release_st_shared|Win32
		{C4619E26-CFD0-404B-BEE2-9047DDA5E2C4}.release_st_shared|Win32.Build.0 = release_st_shared|Win32
		{EED923C3-990B-4E8C-95B6-AF5A5DBF7999}.debug_mt_shared|Win32.ActiveCfg = debug_mt_shared|Win32
		{EED923C3-990B-4E8C-95B6-AF5A5DBF7999}.debug_mt_shared|Win32.Build.0 = debug_mt_shared|Win32
		{EED923C3-990B-4E8C-95B6-AF5A5DBF7999}.debug_st_shared|Win32.ActiveCfg = debug_st_shared|Win32
		{EED923C3-990B-4E8C-95B6-AF5A5DBF7999}.debug_st_shared|Win32.Build.0 = debug_st_shared|Win32
		{EED923C3-990B-4E8C-95B6-AF5A5DBF7999}.release_mt_shared|Win32.ActiveCfg = release_mt_shared|Win32
		{EED923C3-990B-4E8C-95B6-AF5A5DBF7999}.release_mt_shared|Win32.Build.0 = release_mt_shared|Win32
		{EED923C3-990B-4E8C-95B6-AF5A5DBF7999}.release_st_shared|Win32.ActiveCfg = release_st_shared|Win32
		{EED923C3-990B-4E8C-95B6-AF5A5DBF7999}.release_st_shared|Win32.Build.0 = release_st_shared|Win32
	EndGlobalSection
	GlobalSection(SolutionProperties) = preSolution
		HideSolutionNode = FALSE
	EndGlobalSection
EndGlobal
